// !$*UTF8*$!
{
	archiveVersion = 1;
	classes = {
	};
	objectVersion = 46;
	objects = {

/* Begin PBXBuildFile section */
		425ABE291BB43AED00E2DAD9 /* AppDelegate.swift in Sources */ = {isa = PBXBuildFile; fileRef = 425ABE281BB43AED00E2DAD9 /* AppDelegate.swift */; };
		425ABE2B1BB43AED00E2DAD9 /* ViewController.swift in Sources */ = {isa = PBXBuildFile; fileRef = 425ABE2A1BB43AED00E2DAD9 /* ViewController.swift */; };
		425ABE2E1BB43AED00E2DAD9 /* Main.storyboard in Resources */ = {isa = PBXBuildFile; fileRef = 425ABE2C1BB43AED00E2DAD9 /* Main.storyboard */; };
		425ABE301BB43AED00E2DAD9 /* Assets.xcassets in Resources */ = {isa = PBXBuildFile; fileRef = 425ABE2F1BB43AED00E2DAD9 /* Assets.xcassets */; };
		425ABE331BB43AED00E2DAD9 /* LaunchScreen.storyboard in Resources */ = {isa = PBXBuildFile; fileRef = 425ABE311BB43AED00E2DAD9 /* LaunchScreen.storyboard */; };
		425ABE401BB43B3100E2DAD9 /* Interface.storyboard in Resources */ = {isa = PBXBuildFile; fileRef = 425ABE3E1BB43B3100E2DAD9 /* Interface.storyboard */; };
		425ABE421BB43B3100E2DAD9 /* Assets.xcassets in Resources */ = {isa = PBXBuildFile; fileRef = 425ABE411BB43B3100E2DAD9 /* Assets.xcassets */; };
		425ABE491BB43B3100E2DAD9 /* Light Switch Watch Extension.appex in Embed App Extensions */ = {isa = PBXBuildFile; fileRef = 425ABE481BB43B3100E2DAD9 /* Light Switch Watch Extension.appex */; settings = {ATTRIBUTES = (RemoveHeadersOnCopy, ); }; };
		425ABE4E1BB43B3200E2DAD9 /* InterfaceController.swift in Sources */ = {isa = PBXBuildFile; fileRef = 425ABE4D1BB43B3200E2DAD9 /* InterfaceController.swift */; };
		425ABE501BB43B3200E2DAD9 /* ExtensionDelegate.swift in Sources */ = {isa = PBXBuildFile; fileRef = 425ABE4F1BB43B3200E2DAD9 /* ExtensionDelegate.swift */; };
		425ABE521BB43B3200E2DAD9 /* GlanceController.swift in Sources */ = {isa = PBXBuildFile; fileRef = 425ABE511BB43B3200E2DAD9 /* GlanceController.swift */; };
		425ABE541BB43B3200E2DAD9 /* ComplicationController.swift in Sources */ = {isa = PBXBuildFile; fileRef = 425ABE531BB43B3200E2DAD9 /* ComplicationController.swift */; };
		425ABE561BB43B3200E2DAD9 /* Assets.xcassets in Resources */ = {isa = PBXBuildFile; fileRef = 425ABE551BB43B3200E2DAD9 /* Assets.xcassets */; };
		425ABE5A1BB43B3200E2DAD9 /* Light Switch Watch.app in Embed Watch Content */ = {isa = PBXBuildFile; fileRef = 425ABE3C1BB43B3100E2DAD9 /* Light Switch Watch.app */; };
		425ABE641BB43D1000E2DAD9 /* BLEUtility.swift in Sources */ = {isa = PBXBuildFile; fileRef = 425ABE631BB43D1000E2DAD9 /* BLEUtility.swift */; settings = {ASSET_TAGS = (); }; };
		425ABE661BB43D5000E2DAD9 /* Discover.swift in Sources */ = {isa = PBXBuildFile; fileRef = 425ABE651BB43D5000E2DAD9 /* Discover.swift */; settings = {ASSET_TAGS = (); }; };
/* End PBXBuildFile section */

/* Begin PBXContainerItemProxy section */
		425ABE4A1BB43B3100E2DAD9 /* PBXContainerItemProxy */ = {
			isa = PBXContainerItemProxy;
			containerPortal = 425ABE1D1BB43AEC00E2DAD9 /* Project object */;
			proxyType = 1;
			remoteGlobalIDString = 425ABE471BB43B3100E2DAD9;
			remoteInfo = "Light Switch Watch Extension";
		};
		425ABE581BB43B3200E2DAD9 /* PBXContainerItemProxy */ = {
			isa = PBXContainerItemProxy;
			containerPortal = 425ABE1D1BB43AEC00E2DAD9 /* Project object */;
			proxyType = 1;
			remoteGlobalIDString = 425ABE3B1BB43B3100E2DAD9;
			remoteInfo = "Light Switch Watch";
		};
/* End PBXContainerItemProxy section */

/* Begin PBXCopyFilesBuildPhase section */
		425ABE5E1BB43B3200E2DAD9 /* Embed App Extensions */ = {
			isa = PBXCopyFilesBuildPhase;
			buildActionMask = 2147483647;
			dstPath = "";
			dstSubfolderSpec = 13;
			files = (
				425ABE491BB43B3100E2DAD9 /* Light Switch Watch Extension.appex in Embed App Extensions */,
			);
			name = "Embed App Extensions";
			runOnlyForDeploymentPostprocessing = 0;
		};
		425ABE621BB43B3200E2DAD9 /* Embed Watch Content */ = {
			isa = PBXCopyFilesBuildPhase;
			buildActionMask = 2147483647;
			dstPath = "$(CONTENTS_FOLDER_PATH)/Watch";
			dstSubfolderSpec = 16;
			files = (
				425ABE5A1BB43B3200E2DAD9 /* Light Switch Watch.app in Embed Watch Content */,
			);
			name = "Embed Watch Content";
			runOnlyForDeploymentPostprocessing = 0;
		};
/* End PBXCopyFilesBuildPhase section */

/* Begin PBXFileReference section */
		425ABE251BB43AED00E2DAD9 /* Light Switch.app */ = {isa = PBXFileReference; explicitFileType = wrapper.application; includeInIndex = 0; path = "Light Switch.app"; sourceTree = BUILT_PRODUCTS_DIR; };
		425ABE281BB43AED00E2DAD9 /* AppDelegate.swift */ = {isa = PBXFileReference; lastKnownFileType = sourcecode.swift; path = AppDelegate.swift; sourceTree = "<group>"; };
		425ABE2A1BB43AED00E2DAD9 /* ViewController.swift */ = {isa = PBXFileReference; lastKnownFileType = sourcecode.swift; path = ViewController.swift; sourceTree = "<group>"; };
		425ABE2D1BB43AED00E2DAD9 /* Base */ = {isa = PBXFileReference; lastKnownFileType = file.storyboard; name = Base; path = Base.lproj/Main.storyboard; sourceTree = "<group>"; };
		425ABE2F1BB43AED00E2DAD9 /* Assets.xcassets */ = {isa = PBXFileReference; lastKnownFileType = folder.assetcatalog; path = Assets.xcassets; sourceTree = "<group>"; };
		425ABE321BB43AED00E2DAD9 /* Base */ = {isa = PBXFileReference; lastKnownFileType = file.storyboard; name = Base; path = Base.lproj/LaunchScreen.storyboard; sourceTree = "<group>"; };
		425ABE341BB43AED00E2DAD9 /* Info.plist */ = {isa = PBXFileReference; lastKnownFileType = text.plist.xml; path = Info.plist; sourceTree = "<group>"; };
		425ABE3C1BB43B3100E2DAD9 /* Light Switch Watch.app */ = {isa = PBXFileReference; explicitFileType = wrapper.application; includeInIndex = 0; path = "Light Switch Watch.app"; sourceTree = BUILT_PRODUCTS_DIR; };
		425ABE3F1BB43B3100E2DAD9 /* Base */ = {isa = PBXFileReference; lastKnownFileType = file.storyboard; name = Base; path = Base.lproj/Interface.storyboard; sourceTree = "<group>"; };
		425ABE411BB43B3100E2DAD9 /* Assets.xcassets */ = {isa = PBXFileReference; lastKnownFileType = folder.assetcatalog; path = Assets.xcassets; sourceTree = "<group>"; };
		425ABE431BB43B3100E2DAD9 /* Info.plist */ = {isa = PBXFileReference; lastKnownFileType = text.plist.xml; path = Info.plist; sourceTree = "<group>"; };
		425ABE481BB43B3100E2DAD9 /* Light Switch Watch Extension.appex */ = {isa = PBXFileReference; explicitFileType = "wrapper.app-extension"; includeInIndex = 0; path = "Light Switch Watch Extension.appex"; sourceTree = BUILT_PRODUCTS_DIR; };
		425ABE4D1BB43B3200E2DAD9 /* InterfaceController.swift */ = {isa = PBXFileReference; lastKnownFileType = sourcecode.swift; path = InterfaceController.swift; sourceTree = "<group>"; };
		425ABE4F1BB43B3200E2DAD9 /* ExtensionDelegate.swift */ = {isa = PBXFileReference; lastKnownFileType = sourcecode.swift; path = ExtensionDelegate.swift; sourceTree = "<group>"; };
		425ABE511BB43B3200E2DAD9 /* GlanceController.swift */ = {isa = PBXFileReference; lastKnownFileType = sourcecode.swift; path = GlanceController.swift; sourceTree = "<group>"; };
		425ABE531BB43B3200E2DAD9 /* ComplicationController.swift */ = {isa = PBXFileReference; lastKnownFileType = sourcecode.swift; path = ComplicationController.swift; sourceTree = "<group>"; };
		425ABE551BB43B3200E2DAD9 /* Assets.xcassets */ = {isa = PBXFileReference; lastKnownFileType = folder.assetcatalog; path = Assets.xcassets; sourceTree = "<group>"; };
		425ABE571BB43B3200E2DAD9 /* Info.plist */ = {isa = PBXFileReference; lastKnownFileType = text.plist.xml; path = Info.plist; sourceTree = "<group>"; };
		425ABE631BB43D1000E2DAD9 /* BLEUtility.swift */ = {isa = PBXFileReference; fileEncoding = 4; lastKnownFileType = sourcecode.swift; path = BLEUtility.swift; sourceTree = "<group>"; };
		425ABE651BB43D5000E2DAD9 /* Discover.swift */ = {isa = PBXFileReference; fileEncoding = 4; lastKnownFileType = sourcecode.swift; path = Discover.swift; sourceTree = "<group>"; };
/* End PBXFileReference section */

/* Begin PBXFrameworksBuildPhase section */
		425ABE221BB43AED00E2DAD9 /* Frameworks */ = {
			isa = PBXFrameworksBuildPhase;
			buildActionMask = 2147483647;
			files = (
			);
			runOnlyForDeploymentPostprocessing = 0;
		};
		425ABE451BB43B3100E2DAD9 /* Frameworks */ = {
			isa = PBXFrameworksBuildPhase;
			buildActionMask = 2147483647;
			files = (
			);
			runOnlyForDeploymentPostprocessing = 0;
		};
/* End PBXFrameworksBuildPhase section */

/* Begin PBXGroup section */
		425ABE1C1BB43AEC00E2DAD9 = {
			isa = PBXGroup;
			children = (
				425ABE271BB43AED00E2DAD9 /* Light Switch */,
				425ABE3D1BB43B3100E2DAD9 /* Light Switch Watch */,
				425ABE4C1BB43B3100E2DAD9 /* Light Switch Watch Extension */,
				425ABE261BB43AED00E2DAD9 /* Products */,
			);
			sourceTree = "<group>";
		};
		425ABE261BB43AED00E2DAD9 /* Products */ = {
			isa = PBXGroup;
			children = (
				425ABE251BB43AED00E2DAD9 /* Light Switch.app */,
				425ABE3C1BB43B3100E2DAD9 /* Light Switch Watch.app */,
				425ABE481BB43B3100E2DAD9 /* Light Switch Watch Extension.appex */,
			);
			name = Products;
			sourceTree = "<group>";
		};
		425ABE271BB43AED00E2DAD9 /* Light Switch */ = {
			isa = PBXGroup;
			children = (
				425ABE281BB43AED00E2DAD9 /* AppDelegate.swift */,
				425ABE2A1BB43AED00E2DAD9 /* ViewController.swift */,
				425ABE2C1BB43AED00E2DAD9 /* Main.storyboard */,
				425ABE2F1BB43AED00E2DAD9 /* Assets.xcassets */,
				425ABE311BB43AED00E2DAD9 /* LaunchScreen.storyboard */,
				425ABE341BB43AED00E2DAD9 /* Info.plist */,
				425ABE631BB43D1000E2DAD9 /* BLEUtility.swift */,
				425ABE651BB43D5000E2DAD9 /* Discover.swift */,
			);
			path = "Light Switch";
			sourceTree = "<group>";
		};
		425ABE3D1BB43B3100E2DAD9 /* Light Switch Watch */ = {
			isa = PBXGroup;
			children = (
				425ABE3E1BB43B3100E2DAD9 /* Interface.storyboard */,
				425ABE411BB43B3100E2DAD9 /* Assets.xcassets */,
				425ABE431BB43B3100E2DAD9 /* Info.plist */,
			);
			path = "Light Switch Watch";
			sourceTree = "<group>";
		};
		425ABE4C1BB43B3100E2DAD9 /* Light Switch Watch Extension */ = {
			isa = PBXGroup;
			children = (
				425ABE4D1BB43B3200E2DAD9 /* InterfaceController.swift */,
				425ABE4F1BB43B3200E2DAD9 /* ExtensionDelegate.swift */,
				425ABE511BB43B3200E2DAD9 /* GlanceController.swift */,
				425ABE531BB43B3200E2DAD9 /* ComplicationController.swift */,
				425ABE551BB43B3200E2DAD9 /* Assets.xcassets */,
				425ABE571BB43B3200E2DAD9 /* Info.plist */,
			);
			path = "Light Switch Watch Extension";
			sourceTree = "<group>";
		};
/* End PBXGroup section */

/* Begin PBXNativeTarget section */
		425ABE241BB43AED00E2DAD9 /* Light Switch */ = {
			isa = PBXNativeTarget;
			buildConfigurationList = 425ABE371BB43AED00E2DAD9 /* Build configuration list for PBXNativeTarget "Light Switch" */;
			buildPhases = (
				425ABE211BB43AED00E2DAD9 /* Sources */,
				425ABE221BB43AED00E2DAD9 /* Frameworks */,
				425ABE231BB43AED00E2DAD9 /* Resources */,
				425ABE621BB43B3200E2DAD9 /* Embed Watch Content */,
			);
			buildRules = (
			);
			dependencies = (
				425ABE591BB43B3200E2DAD9 /* PBXTargetDependency */,
			);
			name = "Light Switch";
			productName = "Light Switch";
			productReference = 425ABE251BB43AED00E2DAD9 /* Light Switch.app */;
			productType = "com.apple.product-type.application";
		};
		425ABE3B1BB43B3100E2DAD9 /* Light Switch Watch */ = {
			isa = PBXNativeTarget;
			buildConfigurationList = 425ABE5F1BB43B3200E2DAD9 /* Build configuration list for PBXNativeTarget "Light Switch Watch" */;
			buildPhases = (
				425ABE3A1BB43B3100E2DAD9 /* Resources */,
				425ABE5E1BB43B3200E2DAD9 /* Embed App Extensions */,
			);
			buildRules = (
			);
			dependencies = (
				425ABE4B1BB43B3100E2DAD9 /* PBXTargetDependency */,
			);
			name = "Light Switch Watch";
			productName = "Light Switch Watch";
			productReference = 425ABE3C1BB43B3100E2DAD9 /* Light Switch Watch.app */;
			productType = "com.apple.product-type.application.watchapp2";
		};
		425ABE471BB43B3100E2DAD9 /* Light Switch Watch Extension */ = {
			isa = PBXNativeTarget;
			buildConfigurationList = 425ABE5B1BB43B3200E2DAD9 /* Build configuration list for PBXNativeTarget "Light Switch Watch Extension" */;
			buildPhases = (
				425ABE441BB43B3100E2DAD9 /* Sources */,
				425ABE451BB43B3100E2DAD9 /* Frameworks */,
				425ABE461BB43B3100E2DAD9 /* Resources */,
			);
			buildRules = (
			);
			dependencies = (
			);
			name = "Light Switch Watch Extension";
			productName = "Light Switch Watch Extension";
			productReference = 425ABE481BB43B3100E2DAD9 /* Light Switch Watch Extension.appex */;
			productType = "com.apple.product-type.watchkit2-extension";
		};
/* End PBXNativeTarget section */

/* Begin PBXProject section */
		425ABE1D1BB43AEC00E2DAD9 /* Project object */ = {
			isa = PBXProject;
			attributes = {
				LastUpgradeCheck = 0700;
				ORGANIZATIONNAME = "井川 雅央";
				TargetAttributes = {
					425ABE241BB43AED00E2DAD9 = {
						CreatedOnToolsVersion = 7.0;
						DevelopmentTeam = BLJ9859GQ8;
						SystemCapabilities = {
							com.apple.BackgroundModes = {
								enabled = 1;
							};
						};
					};
					425ABE3B1BB43B3100E2DAD9 = {
						CreatedOnToolsVersion = 7.0;
						DevelopmentTeam = BLJ9859GQ8;
					};
					425ABE471BB43B3100E2DAD9 = {
						CreatedOnToolsVersion = 7.0;
						DevelopmentTeam = BLJ9859GQ8;
					};
				};
			};
			buildConfigurationList = 425ABE201BB43AEC00E2DAD9 /* Build configuration list for PBXProject "Light Switch" */;
			compatibilityVersion = "Xcode 3.2";
			developmentRegion = English;
			hasScannedForEncodings = 0;
			knownRegions = (
				en,
				Base,
			);
			mainGroup = 425ABE1C1BB43AEC00E2DAD9;
			productRefGroup = 425ABE261BB43AED00E2DAD9 /* Products */;
			projectDirPath = "";
			projectRoot = "";
			targets = (
				425ABE241BB43AED00E2DAD9 /* Light Switch */,
				425ABE3B1BB43B3100E2DAD9 /* Light Switch Watch */,
				425ABE471BB43B3100E2DAD9 /* Light Switch Watch Extension */,
			);
		};
/* End PBXProject section */

/* Begin PBXResourcesBuildPhase section */
		425ABE231BB43AED00E2DAD9 /* Resources */ = {
			isa = PBXResourcesBuildPhase;
			buildActionMask = 2147483647;
			files = (
				425ABE331BB43AED00E2DAD9 /* LaunchScreen.storyboard in Resources */,
				425ABE301BB43AED00E2DAD9 /* Assets.xcassets in Resources */,
				425ABE2E1BB43AED00E2DAD9 /* Main.storyboard in Resources */,
			);
			runOnlyForDeploymentPostprocessing = 0;
		};
		425ABE3A1BB43B3100E2DAD9 /* Resources */ = {
			isa = PBXResourcesBuildPhase;
			buildActionMask = 2147483647;
			files = (
				425ABE421BB43B3100E2DAD9 /* Assets.xcassets in Resources */,
				425ABE401BB43B3100E2DAD9 /* Interface.storyboard in Resources */,
			);
			runOnlyForDeploymentPostprocessing = 0;
		};
		425ABE461BB43B3100E2DAD9 /* Resources */ = {
			isa = PBXResourcesBuildPhase;
			buildActionMask = 2147483647;
			files = (
				425ABE561BB43B3200E2DAD9 /* Assets.xcassets in Resources */,
			);
			runOnlyForDeploymentPostprocessing = 0;
		};
/* End PBXResourcesBuildPhase section */

/* Begin PBXSourcesBuildPhase section */
		425ABE211BB43AED00E2DAD9 /* Sources */ = {
			isa = PBXSourcesBuildPhase;
			buildActionMask = 2147483647;
			files = (
				425ABE661BB43D5000E2DAD9 /* Discover.swift in Sources */,
				425ABE2B1BB43AED00E2DAD9 /* ViewController.swift in Sources */,
				425ABE291BB43AED00E2DAD9 /* AppDelegate.swift in Sources */,
				425ABE641BB43D1000E2DAD9 /* BLEUtility.swift in Sources */,
			);
			runOnlyForDeploymentPostprocessing = 0;
		};
		425ABE441BB43B3100E2DAD9 /* Sources */ = {
			isa = PBXSourcesBuildPhase;
			buildActionMask = 2147483647;
			files = (
				425ABE501BB43B3200E2DAD9 /* ExtensionDelegate.swift in Sources */,
				425ABE541BB43B3200E2DAD9 /* ComplicationController.swift in Sources */,
				425ABE4E1BB43B3200E2DAD9 /* InterfaceController.swift in Sources */,
				425ABE521BB43B3200E2DAD9 /* GlanceController.swift in Sources */,
			);
			runOnlyForDeploymentPostprocessing = 0;
		};
/* End PBXSourcesBuildPhase section */

/* Begin PBXTargetDependency section */
		425ABE4B1BB43B3100E2DAD9 /* PBXTargetDependency */ = {
			isa = PBXTargetDependency;
			target = 425ABE471BB43B3100E2DAD9 /* Light Switch Watch Extension */;
			targetProxy = 425ABE4A1BB43B3100E2DAD9 /* PBXContainerItemProxy */;
		};
		425ABE591BB43B3200E2DAD9 /* PBXTargetDependency */ = {
			isa = PBXTargetDependency;
			target = 425ABE3B1BB43B3100E2DAD9 /* Light Switch Watch */;
			targetProxy = 425ABE581BB43B3200E2DAD9 /* PBXContainerItemProxy */;
		};
/* End PBXTargetDependency section */

/* Begin PBXVariantGroup section */
		425ABE2C1BB43AED00E2DAD9 /* Main.storyboard */ = {
			isa = PBXVariantGroup;
			children = (
				425ABE2D1BB43AED00E2DAD9 /* Base */,
			);
			name = Main.storyboard;
			sourceTree = "<group>";
		};
		425ABE311BB43AED00E2DAD9 /* LaunchScreen.storyboard */ = {
			isa = PBXVariantGroup;
			children = (
				425ABE321BB43AED00E2DAD9 /* Base */,
			);
			name = LaunchScreen.storyboard;
			sourceTree = "<group>";
		};
		425ABE3E1BB43B3100E2DAD9 /* Interface.storyboard */ = {
			isa = PBXVariantGroup;
			children = (
				425ABE3F1BB43B3100E2DAD9 /* Base */,
			);
			name = Interface.storyboard;
			sourceTree = "<group>";
		};
/* End PBXVariantGroup section */

/* Begin XCBuildConfiguration section */
		425ABE351BB43AED00E2DAD9 /* Debug */ = {
			isa = XCBuildConfiguration;
			buildSettings = {
				ALWAYS_SEARCH_USER_PATHS = NO;
				CLANG_CXX_LANGUAGE_STANDARD = "gnu++0x";
				CLANG_CXX_LIBRARY = "libc++";
				CLANG_ENABLE_MODULES = YES;
				CLANG_ENABLE_OBJC_ARC = YES;
				CLANG_WARN_BOOL_CONVERSION = YES;
				CLANG_WARN_CONSTANT_CONVERSION = YES;
				CLANG_WARN_DIRECT_OBJC_ISA_USAGE = YES_ERROR;
				CLANG_WARN_EMPTY_BODY = YES;
				CLANG_WARN_ENUM_CONVERSION = YES;
				CLANG_WARN_INT_CONVERSION = YES;
				CLANG_WARN_OBJC_ROOT_CLASS = YES_ERROR;
				CLANG_WARN_UNREACHABLE_CODE = YES;
				CLANG_WARN__DUPLICATE_METHOD_MATCH = YES;
				"CODE_SIGN_IDENTITY[sdk=iphoneos*]" = "iPhone Developer";
				COPY_PHASE_STRIP = NO;
				DEBUG_INFORMATION_FORMAT = dwarf;
				ENABLE_STRICT_OBJC_MSGSEND = YES;
				ENABLE_TESTABILITY = YES;
				GCC_C_LANGUAGE_STANDARD = gnu99;
				GCC_DYNAMIC_NO_PIC = NO;
				GCC_NO_COMMON_BLOCKS = YES;
				GCC_OPTIMIZATION_LEVEL = 0;
				GCC_PREPROCESSOR_DEFINITIONS = (
					"DEBUG=1",
					"$(inherited)",
				);
				GCC_WARN_64_TO_32_BIT_CONVERSION = YES;
				GCC_WARN_ABOUT_RETURN_TYPE = YES_ERROR;
				GCC_WARN_UNDECLARED_SELECTOR = YES;
				GCC_WARN_UNINITIALIZED_AUTOS = YES_AGGRESSIVE;
				GCC_WARN_UNUSED_FUNCTION = YES;
				GCC_WARN_UNUSED_VARIABLE = YES;
				IPHONEOS_DEPLOYMENT_TARGET = 9.0;
				MTL_ENABLE_DEBUG_INFO = YES;
				ONLY_ACTIVE_ARCH = YES;
				SDKROOT = iphoneos;
				SWIFT_OPTIMIZATION_LEVEL = "-Onone";
			};
			name = Debug;
		};
		425ABE361BB43AED00E2DAD9 /* Release */ = {
			isa = XCBuildConfiguration;
			buildSettings = {
				ALWAYS_SEARCH_USER_PATHS = NO;
				CLANG_CXX_LANGUAGE_STANDARD = "gnu++0x";
				CLANG_CXX_LIBRARY = "libc++";
				CLANG_ENABLE_MODULES = YES;
				CLANG_ENABLE_OBJC_ARC = YES;
				CLANG_WARN_BOOL_CONVERSION = YES;
				CLANG_WARN_CONSTANT_CONVERSION = YES;
				CLANG_WARN_DIRECT_OBJC_ISA_USAGE = YES_ERROR;
				CLANG_WARN_EMPTY_BODY = YES;
				CLANG_WARN_ENUM_CONVERSION = YES;
				CLANG_WARN_INT_CONVERSION = YES;
				CLANG_WARN_OBJC_ROOT_CLASS = YES_ERROR;
				CLANG_WARN_UNREACHABLE_CODE = YES;
				CLANG_WARN__DUPLICATE_METHOD_MATCH = YES;
				"CODE_SIGN_IDENTITY[sdk=iphoneos*]" = "iPhone Developer";
				COPY_PHASE_STRIP = NO;
				DEBUG_INFORMATION_FORMAT = "dwarf-with-dsym";
				ENABLE_NS_ASSERTIONS = NO;
				ENABLE_STRICT_OBJC_MSGSEND = YES;
				GCC_C_LANGUAGE_STANDARD = gnu99;
				GCC_NO_COMMON_BLOCKS = YES;
				GCC_WARN_64_TO_32_BIT_CONVERSION = YES;
				GCC_WARN_ABOUT_RETURN_TYPE = YES_ERROR;
				GCC_WARN_UNDECLARED_SELECTOR = YES;
				GCC_WARN_UNINITIALIZED_AUTOS = YES_AGGRESSIVE;
				GCC_WARN_UNUSED_FUNCTION = YES;
				GCC_WARN_UNUSED_VARIABLE = YES;
				IPHONEOS_DEPLOYMENT_TARGET = 9.0;
				MTL_ENABLE_DEBUG_INFO = NO;
				SDKROOT = iphoneos;
				VALIDATE_PRODUCT = YES;
			};
			name = Release;
		};
		425ABE381BB43AED00E2DAD9 /* Debug */ = {
			isa = XCBuildConfiguration;
			buildSettings = {
				ASSETCATALOG_COMPILER_APPICON_NAME = AppIcon;
				CODE_SIGN_IDENTITY = "iPhone Developer";
				INFOPLIST_FILE = "Light Switch/Info.plist";
				LD_RUNPATH_SEARCH_PATHS = "$(inherited) @executable_path/Frameworks";
				PRODUCT_BUNDLE_IDENTIFIER = "jp.co.axele.Light-Switch";
				PRODUCT_NAME = "$(TARGET_NAME)";
			};
			name = Debug;
		};
		425ABE391BB43AED00E2DAD9 /* Release */ = {
			isa = XCBuildConfiguration;
			buildSettings = {
				ASSETCATALOG_COMPILER_APPICON_NAME = AppIcon;
				CODE_SIGN_IDENTITY = "iPhone Developer";
				INFOPLIST_FILE = "Light Switch/Info.plist";
				LD_RUNPATH_SEARCH_PATHS = "$(inherited) @executable_path/Frameworks";
				PRODUCT_BUNDLE_IDENTIFIER = "jp.co.axele.Light-Switch";
				PRODUCT_NAME = "$(TARGET_NAME)";
			};
			name = Release;
		};
		425ABE5C1BB43B3200E2DAD9 /* Debug */ = {
			isa = XCBuildConfiguration;
			buildSettings = {
				ASSETCATALOG_COMPILER_COMPLICATION_NAME = Complication;
				CODE_SIGN_IDENTITY = "iPhone Developer";
				INFOPLIST_FILE = "Light Switch Watch Extension/Info.plist";
				LD_RUNPATH_SEARCH_PATHS = "$(inherited) @executable_path/Frameworks @executable_path/../../Frameworks";
				PRODUCT_BUNDLE_IDENTIFIER = "jp.co.axele.Light-Switch.watchkitapp.watchkitextension";
				PRODUCT_NAME = "${TARGET_NAME}";
				SDKROOT = watchos;
				SKIP_INSTALL = YES;
				TARGETED_DEVICE_FAMILY = 4;
				WATCHOS_DEPLOYMENT_TARGET = 2.0;
			};
			name = Debug;
		};
		425ABE5D1BB43B3200E2DAD9 /* Release */ = {
			isa = XCBuildConfiguration;
			buildSettings = {
				ASSETCATALOG_COMPILER_COMPLICATION_NAME = Complication;
				CODE_SIGN_IDENTITY = "iPhone Developer";
				INFOPLIST_FILE = "Light Switch Watch Extension/Info.plist";
				LD_RUNPATH_SEARCH_PATHS = "$(inherited) @executable_path/Frameworks @executable_path/../../Frameworks";
				PRODUCT_BUNDLE_IDENTIFIER = "jp.co.axele.Light-Switch.watchkitapp.watchkitextension";
				PRODUCT_NAME = "${TARGET_NAME}";
				SDKROOT = watchos;
				SKIP_INSTALL = YES;
				TARGETED_DEVICE_FAMILY = 4;
				WATCHOS_DEPLOYMENT_TARGET = 2.0;
			};
			name = Release;
		};
		425ABE601BB43B3200E2DAD9 /* Debug */ = {
			isa = XCBuildConfiguration;
			buildSettings = {
				ASSETCATALOG_COMPILER_APPICON_NAME = AppIcon;
				CODE_SIGN_IDENTITY = "iPhone Developer";
				EMBEDDED_CONTENT_CONTAINS_SWIFT = YES;
				IBSC_MODULE = Light_Switch_Watch_Extension;
				INFOPLIST_FILE = "Light Switch Watch/Info.plist";
				PRODUCT_BUNDLE_IDENTIFIER = "jp.co.axele.Light-Switch.watchkitapp";
				PRODUCT_NAME = "$(TARGET_NAME)";
				SDKROOT = watchos;
				SKIP_INSTALL = YES;
				TARGETED_DEVICE_FAMILY = 4;
				WATCHOS_DEPLOYMENT_TARGET = 2.0;
			};
			name = Debug;
		};
		425ABE611BB43B3200E2DAD9 /* Release */ = {
			isa = XCBuildConfiguration;
			buildSettings = {
				ASSETCATALOG_COMPILER_APPICON_NAME = AppIcon;
				CODE_SIGN_IDENTITY = "iPhone Developer";
				EMBEDDED_CONTENT_CONTAINS_SWIFT = YES;
				IBSC_MODULE = Light_Switch_Watch_Extension;
				INFOPLIST_FILE = "Light Switch Watch/Info.plist";
				PRODUCT_BUNDLE_IDENTIFIER = "jp.co.axele.Light-Switch.watchkitapp";
				PRODUCT_NAME = "$(TARGET_NAME)";
				SDKROOT = watchos;
				SKIP_INSTALL = YES;
				TARGETED_DEVICE_FAMILY = 4;
				WATCHOS_DEPLOYMENT_TARGET = 2.0;
			};
			name = Release;
		};
/* End XCBuildConfiguration section */

/* Begin XCConfigurationList section */
		425ABE201BB43AEC00E2DAD9 /* Build configuration list for PBXProject "Light Switch" */ = {
			isa = XCConfigurationList;
			buildConfigurations = (
				425ABE351BB43AED00E2DAD9 /* Debug */,
				425ABE361BB43AED00E2DAD9 /* Release */,
			);
			defaultConfigurationIsVisible = 0;
			defaultConfigurationName = Release;
		};
		425ABE371BB43AED00E2DAD9 /* Build configuration list for PBXNativeTarget "Light Switch" */ = {
			isa = XCConfigurationList;
			buildConfigurations = (
				425ABE381BB43AED00E2DAD9 /* Debug */,
				425ABE391BB43AED00E2DAD9 /* Release */,
			);
			defaultConfigurationIsVisible = 0;
		};
		425ABE5B1BB43B3200E2DAD9 /* Build configuration list for PBXNativeTarget "Light Switch Watch Extension" */ = {
			isa = XCConfigurationList;
			buildConfigurations = (
				425ABE5C1BB43B3200E2DAD9 /* Debug */,
				425ABE5D1BB43B3200E2DAD9 /* Release */,
			);
			defaultConfigurationIsVisible = 0;
		};
		425ABE5F1BB43B3200E2DAD9 /* Build configuration list for PBXNativeTarget "Light Switch Watch" */ = {
			isa = XCConfigurationList;
			buildConfigurations = (
				425ABE601BB43B3200E2DAD9 /* Debug */,
				425ABE611BB43B3200E2DAD9 /* Release */,
			);
			defaultConfigurationIsVisible = 0;
		};
/* End XCConfigurationList section */
	};
	rootObject = 425ABE1D1BB43AEC00E2DAD9 /* Project object */;
}
